// !$*UTF8*$!
{
	archiveVersion = 1;
	classes = {
	};
	objectVersion = 56;
	objects = {

/* Begin PBXBuildFile section */
		C1AB6FFD2AD3FAF500266AC3 /* iTourApp.swift in Sources */ = {isa = PBXBuildFile; fileRef = C1AB6FFC2AD3FAF500266AC3 /* iTourApp.swift */; };
		C1AB6FFF2AD3FAF500266AC3 /* ContentView.swift in Sources */ = {isa = PBXBuildFile; fileRef = C1AB6FFE2AD3FAF500266AC3 /* ContentView.swift */; };
		C1AB70012AD3FAF600266AC3 /* Assets.xcassets in Resources */ = {isa = PBXBuildFile; fileRef = C1AB70002AD3FAF600266AC3 /* Assets.xcassets */; };
		C1AB70042AD3FAF600266AC3 /* Preview Assets.xcassets in Resources */ = {isa = PBXBuildFile; fileRef = C1AB70032AD3FAF600266AC3 /* Preview Assets.xcassets */; };
		C1AB700B2AD3FBE000266AC3 /* Destination.swift in Sources */ = {isa = PBXBuildFile; fileRef = C1AB700A2AD3FBE000266AC3 /* Destination.swift */; };
		C1AB700D2AD4085F00266AC3 /* EditDestinationView.swift in Sources */ = {isa = PBXBuildFile; fileRef = C1AB700C2AD4085F00266AC3 /* EditDestinationView.swift */; };
		C1AB700F2AD416CF00266AC3 /* DestinationListingView.swift in Sources */ = {isa = PBXBuildFile; fileRef = C1AB700E2AD416CF00266AC3 /* DestinationListingView.swift */; };
		C1AB70112AD41CCE00266AC3 /* Sight.swift in Sources */ = {isa = PBXBuildFile; fileRef = C1AB70102AD41CCE00266AC3 /* Sight.swift */; };
/* End PBXBuildFile section */

/* Begin PBXFileReference section */
		C1AB6FF92AD3FAF500266AC3 /* iTour.app */ = {isa = PBXFileReference; explicitFileType = wrapper.application; includeInIndex = 0; path = iTour.app; sourceTree = BUILT_PRODUCTS_DIR; };
		C1AB6FFC2AD3FAF500266AC3 /* iTourApp.swift */ = {isa = PBXFileReference; lastKnownFileType = sourcecode.swift; path = iTourApp.swift; sourceTree = "<group>"; };
		C1AB6FFE2AD3FAF500266AC3 /* ContentView.swift */ = {isa = PBXFileReference; lastKnownFileType = sourcecode.swift; path = ContentView.swift; sourceTree = "<group>"; };
		C1AB70002AD3FAF600266AC3 /* Assets.xcassets */ = {isa = PBXFileReference; lastKnownFileType = folder.assetcatalog; path = Assets.xcassets; sourceTree = "<group>"; };
		C1AB70032AD3FAF600266AC3 /* Preview Assets.xcassets */ = {isa = PBXFileReference; lastKnownFileType = folder.assetcatalog; path = "Preview Assets.xcassets"; sourceTree = "<group>"; };
		C1AB700A2AD3FBE000266AC3 /* Destination.swift */ = {isa = PBXFileReference; lastKnownFileType = sourcecode.swift; path = Destination.swift; sourceTree = "<group>"; };
		C1AB700C2AD4085F00266AC3 /* EditDestinationView.swift */ = {isa = PBXFileReference; lastKnownFileType = sourcecode.swift; path = EditDestinationView.swift; sourceTree = "<group>"; };
		C1AB700E2AD416CF00266AC3 /* DestinationListingView.swift */ = {isa = PBXFileReference; lastKnownFileType = sourcecode.swift; path = DestinationListingView.swift; sourceTree = "<group>"; };
		C1AB70102AD41CCE00266AC3 /* Sight.swift */ = {isa = PBXFileReference; lastKnownFileType = sourcecode.swift; path = Sight.swift; sourceTree = "<group>"; };
/* End PBXFileReference section */

/* Begin PBXFrameworksBuildPhase section */
		C1AB6FF62AD3FAF500266AC3 /* Frameworks */ = {
			isa = PBXFrameworksBuildPhase;
			buildActionMask = 2147483647;
			files = (
			);
			runOnlyForDeploymentPostprocessing = 0;
		};
/* End PBXFrameworksBuildPhase section */

/* Begin PBXGroup section */
		C1AB6FF02AD3FAF500266AC3 = {
			isa = PBXGroup;
			children = (
				C1AB6FFB2AD3FAF500266AC3 /* iTour */,
				C1AB6FFA2AD3FAF500266AC3 /* Products */,
			);
			sourceTree = "<group>";
		};
		C1AB6FFA2AD3FAF500266AC3 /* Products */ = {
			isa = PBXGroup;
			children = (
				C1AB6FF92AD3FAF500266AC3 /* iTour.app */,
			);
			name = Products;
			sourceTree = "<group>";
		};
		C1AB6FFB2AD3FAF500266AC3 /* iTour */ = {
			isa = PBXGroup;
			children = (
				C1AB6FFC2AD3FAF500266AC3 /* iTourApp.swift */,
				C1AB6FFE2AD3FAF500266AC3 /* ContentView.swift */,
				C1AB70102AD41CCE00266AC3 /* Sight.swift */,
				C1AB700E2AD416CF00266AC3 /* DestinationListingView.swift */,
				C1AB700C2AD4085F00266AC3 /* EditDestinationView.swift */,
				C1AB700A2AD3FBE000266AC3 /* Destination.swift */,
				C1AB70002AD3FAF600266AC3 /* Assets.xcassets */,
				C1AB70022AD3FAF600266AC3 /* Preview Content */,
			);
			path = iTour;
			sourceTree = "<group>";
		};
		C1AB70022AD3FAF600266AC3 /* Preview Content */ = {
			isa = PBXGroup;
			children = (
				C1AB70032AD3FAF600266AC3 /* Preview Assets.xcassets */,
			);
			path = "Preview Content";
			sourceTree = "<group>";
		};
/* End PBXGroup section */

/* Begin PBXNativeTarget section */
		C1AB6FF82AD3FAF500266AC3 /* iTour */ = {
			isa = PBXNativeTarget;
			buildConfigurationList = C1AB70072AD3FAF600266AC3 /* Build configuration list for PBXNativeTarget "iTour" */;
			buildPhases = (
				C1AB6FF52AD3FAF500266AC3 /* Sources */,
				C1AB6FF62AD3FAF500266AC3 /* Frameworks */,
				C1AB6FF72AD3FAF500266AC3 /* Resources */,
			);
			buildRules = (
			);
			dependencies = (
			);
			name = iTour;
			productName = iTour;
			productReference = C1AB6FF92AD3FAF500266AC3 /* iTour.app */;
			productType = "com.apple.product-type.application";
		};
/* End PBXNativeTarget section */

/* Begin PBXProject section */
		C1AB6FF12AD3FAF500266AC3 /* Project object */ = {
			isa = PBXProject;
			attributes = {
				BuildIndependentTargetsInParallel = 1;
				LastSwiftUpdateCheck = 1500;
				LastUpgradeCheck = 1500;
				TargetAttributes = {
					C1AB6FF82AD3FAF500266AC3 = {
						CreatedOnToolsVersion = 15.0;
					};
				};
			};
			buildConfigurationList = C1AB6FF42AD3FAF500266AC3 /* Build configuration list for PBXProject "iTour" */;
			compatibilityVersion = "Xcode 14.0";
			developmentRegion = en;
			hasScannedForEncodings = 0;
			knownRegions = (
				en,
				Base,
			);
			mainGroup = C1AB6FF02AD3FAF500266AC3;
			productRefGroup = C1AB6FFA2AD3FAF500266AC3 /* Products */;
			projectDirPath = "";
			projectRoot = "";
			targets = (
				C1AB6FF82AD3FAF500266AC3 /* iTour */,
			);
		};
/* End PBXProject section */

/* Begin PBXResourcesBuildPhase section */
		C1AB6FF72AD3FAF500266AC3 /* Resources */ = {
			isa = PBXResourcesBuildPhase;
			buildActionMask = 2147483647;
			files = (
				C1AB70042AD3FAF600266AC3 /* Preview Assets.xcassets in Resources */,
				C1AB70012AD3FAF600266AC3 /* Assets.xcassets in Resources */,
			);
			runOnlyForDeploymentPostprocessing = 0;
		};
/* End PBXResourcesBuildPhase section */

/* Begin PBXSourcesBuildPhase section */
		C1AB6FF52AD3FAF500266AC3 /* Sources */ = {
			isa = PBXSourcesBuildPhase;
			buildActionMask = 2147483647;
			files = (
				C1AB6FFF2AD3FAF500266AC3 /* ContentView.swift in Sources */,
				C1AB6FFD2AD3FAF500266AC3 /* iTourApp.swift in Sources */,
				C1AB700B2AD3FBE000266AC3 /* Destination.swift in Sources */,
				C1AB70112AD41CCE00266AC3 /* Sight.swift in Sources */,
				C1AB700D2AD4085F00266AC3 /* EditDestinationView.swift in Sources */,
				C1AB700F2AD416CF00266AC3 /* DestinationListingView.swift in Sources */,
			);
			runOnlyForDeploymentPostprocessing = 0;
		};
/* End PBXSourcesBuildPhase section */

/* Begin XCBuildConfiguration section */
		C1AB70052AD3FAF600266AC3 /* Debug */ = {
			isa = XCBuildConfiguration;
			buildSettings = {
				ALWAYS_SEARCH_USER_PATHS = NO;
				ASSETCATALOG_COMPILER_GENERATE_SWIFT_ASSET_SYMBOL_EXTENSIONS = YES;
				CLANG_ANALYZER_NONNULL = YES;
				CLANG_ANALYZER_NUMBER_OBJECT_CONVERSION = YES_AGGRESSIVE;
				CLANG_CXX_LANGUAGE_STANDARD = "gnu++20";
				CLANG_ENABLE_MODULES = YES;
				CLANG_ENABLE_OBJC_ARC = YES;
				CLANG_ENABLE_OBJC_WEAK = YES;
				CLANG_WARN_BLOCK_CAPTURE_AUTORELEASING = YES;
				CLANG_WARN_BOOL_CONVERSION = YES;
				CLANG_WARN_COMMA = YES;
				CLANG_WARN_CONSTANT_CONVERSION = YES;
				CLANG_WARN_DEPRECATED_OBJC_IMPLEMENTATIONS = YES;
				CLANG_WARN_DIRECT_OBJC_ISA_USAGE = YES_ERROR;
				CLANG_WARN_DOCUMENTATION_COMMENTS = YES;
				CLANG_WARN_EMPTY_BODY = YES;
				CLANG_WARN_ENUM_CONVERSION = YES;
				CLANG_WARN_INFINITE_RECURSION = YES;
				CLANG_WARN_INT_CONVERSION = YES;
				CLANG_WARN_NON_LITERAL_NULL_CONVERSION = YES;
				CLANG_WARN_OBJC_IMPLICIT_RETAIN_SELF = YES;
				CLANG_WARN_OBJC_LITERAL_CONVERSION = YES;
				CLANG_WARN_OBJC_ROOT_CLASS = YES_ERROR;
				CLANG_WARN_QUOTED_INCLUDE_IN_FRAMEWORK_HEADER = YES;
				CLANG_WARN_RANGE_LOOP_ANALYSIS = YES;
				CLANG_WARN_STRICT_PROTOTYPES = YES;
				CLANG_WARN_SUSPICIOUS_MOVE = YES;
				CLANG_WARN_UNGUARDED_AVAILABILITY = YES_AGGRESSIVE;
				CLANG_WARN_UNREACHABLE_CODE = YES;
				CLANG_WARN__DUPLICATE_METHOD_MATCH = YES;
				COPY_PHASE_STRIP = NO;
				DEBUG_INFORMATION_FORMAT = dwarf;
				ENABLE_STRICT_OBJC_MSGSEND = YES;
				ENABLE_TESTABILITY = YES;
				ENABLE_USER_SCRIPT_SANDBOXING = YES;
				GCC_C_LANGUAGE_STANDARD = gnu17;
				GCC_DYNAMIC_NO_PIC = NO;
				GCC_NO_COMMON_BLOCKS = YES;
				GCC_OPTIMIZATION_LEVEL = 0;
				GCC_PREPROCESSOR_DEFINITIONS = (
					"DEBUG=1",
					"$(inherited)",
				);
				GCC_WARN_64_TO_32_BIT_CONVERSION = YES;
				GCC_WARN_ABOUT_RETURN_TYPE = YES_ERROR;
				GCC_WARN_UNDECLARED_SELECTOR = YES;
				GCC_WARN_UNINITIALIZED_AUTOS = YES_AGGRESSIVE;
				GCC_WARN_UNUSED_FUNCTION = YES;
				GCC_WARN_UNUSED_VARIABLE = YES;
				IPHONEOS_DEPLOYMENT_TARGET = 17.0;
				LOCALIZATION_PREFERS_STRING_CATALOGS = YES;
				MTL_ENABLE_DEBUG_INFO = INCLUDE_SOURCE;
				MTL_FAST_MATH = YES;
				ONLY_ACTIVE_ARCH = YES;
				SDKROOT = iphoneos;
				SWIFT_ACTIVE_COMPILATION_CONDITIONS = "DEBUG $(inherited)";
				SWIFT_OPTIMIZATION_LEVEL = "-Onone";
			};
			name = Debug;
		};
		C1AB70062AD3FAF600266AC3 /* Release */ = {
			isa = XCBuildConfiguration;
			buildSettings = {
				ALWAYS_SEARCH_USER_PATHS = NO;
				ASSETCATALOG_COMPILER_GENERATE_SWIFT_ASSET_SYMBOL_EXTENSIONS = YES;
				CLANG_ANALYZER_NONNULL = YES;
				CLANG_ANALYZER_NUMBER_OBJECT_CONVERSION = YES_AGGRESSIVE;
				CLANG_CXX_LANGUAGE_STANDARD = "gnu++20";
				CLANG_ENABLE_MODULES = YES;
				CLANG_ENABLE_OBJC_ARC = YES;
				CLANG_ENABLE_OBJC_WEAK = YES;
				CLANG_WARN_BLOCK_CAPTURE_AUTORELEASING = YES;
				CLANG_WARN_BOOL_CONVERSION = YES;
				CLANG_WARN_COMMA = YES;
				CLANG_WARN_CONSTANT_CONVERSION = YES;
				CLANG_WARN_DEPRECATED_OBJC_IMPLEMENTATIONS = YES;
				CLANG_WARN_DIRECT_OBJC_ISA_USAGE = YES_ERROR;
				CLANG_WARN_DOCUMENTATION_COMMENTS = YES;
				CLANG_WARN_EMPTY_BODY = YES;
				CLANG_WARN_ENUM_CONVERSION = YES;
				CLANG_WARN_INFINITE_RECURSION = YES;
				CLANG_WARN_INT_CONVERSION = YES;
				CLANG_WARN_NON_LITERAL_NULL_CONVERSION = YES;
				CLANG_WARN_OBJC_IMPLICIT_RETAIN_SELF = YES;
				CLANG_WARN_OBJC_LITERAL_CONVERSION = YES;
				CLANG_WARN_OBJC_ROOT_CLASS = YES_ERROR;
				CLANG_WARN_QUOTED_INCLUDE_IN_FRAMEWORK_HEADER = YES;
				CLANG_WARN_RANGE_LOOP_ANALYSIS = YES;
				CLANG_WARN_STRICT_PROTOTYPES = YES;
				CLANG_WARN_SUSPICIOUS_MOVE = YES;
				CLANG_WARN_UNGUARDED_AVAILABILITY = YES_AGGRESSIVE;
				CLANG_WARN_UNREACHABLE_CODE = YES;
				CLANG_WARN__DUPLICATE_METHOD_MATCH = YES;
				COPY_PHASE_STRIP = NO;
				DEBUG_INFORMATION_FORMAT = "dwarf-with-dsym";
				ENABLE_NS_ASSERTIONS = NO;
				ENABLE_STRICT_OBJC_MSGSEND = YES;
				ENABLE_USER_SCRIPT_SANDBOXING = YES;
				GCC_C_LANGUAGE_STANDARD = gnu17;
				GCC_NO_COMMON_BLOCKS = YES;
				GCC_WARN_64_TO_32_BIT_CONVERSION = YES;
				GCC_WARN_ABOUT_RETURN_TYPE = YES_ERROR;
				GCC_WARN_UNDECLARED_SELECTOR = YES;
				GCC_WARN_UNINITIALIZED_AUTOS = YES_AGGRESSIVE;
				GCC_WARN_UNUSED_FUNCTION = YES;
				GCC_WARN_UNUSED_VARIABLE = YES;
				IPHONEOS_DEPLOYMENT_TARGET = 17.0;
				LOCALIZATION_PREFERS_STRING_CATALOGS = YES;
				MTL_ENABLE_DEBUG_INFO = NO;
				MTL_FAST_MATH = YES;
				SDKROOT = iphoneos;
				SWIFT_COMPILATION_MODE = wholemodule;
				VALIDATE_PRODUCT = YES;
			};
			name = Release;
		};
		C1AB70082AD3FAF600266AC3 /* Debug */ = {
			isa = XCBuildConfiguration;
			buildSettings = {
				ASSETCATALOG_COMPILER_APPICON_NAME = AppIcon;
				ASSETCATALOG_COMPILER_GLOBAL_ACCENT_COLOR_NAME = AccentColor;
				CODE_SIGN_STYLE = Automatic;
				CURRENT_PROJECT_VERSION = 1;
				DEVELOPMENT_ASSET_PATHS = "\"iTour/Preview Content\"";
				DEVELOPMENT_TEAM = M6RSUA6A9T;
				ENABLE_PREVIEWS = YES;
				GENERATE_INFOPLIST_FILE = YES;
				INFOPLIST_KEY_UIApplicationSceneManifest_Generation = YES;
				INFOPLIST_KEY_UIApplicationSupportsIndirectInputEvents = YES;
				INFOPLIST_KEY_UILaunchScreen_Generation = YES;
				INFOPLIST_KEY_UISupportedInterfaceOrientations_iPad = "UIInterfaceOrientationPortrait UIInterfaceOrientationPortraitUpsideDown UIInterfaceOrientationLandscapeLeft UIInterfaceOrientationLandscapeRight";
				INFOPLIST_KEY_UISupportedInterfaceOrientations_iPhone = "UIInterfaceOrientationPortrait UIInterfaceOrientationLandscapeLeft UIInterfaceOrientationLandscapeRight";
				LD_RUNPATH_SEARCH_PATHS = (
					"$(inherited)",
					"@executable_path/Frameworks",
				);
				MARKETING_VERSION = 1.0;
				PRODUCT_BUNDLE_IDENTIFIER = me.gurbanova.julia.iTour;
				PRODUCT_NAME = "$(TARGET_NAME)";
				SWIFT_EMIT_LOC_STRINGS = YES;
				SWIFT_VERSION = 5.0;
				TARGETED_DEVICE_FAMILY = "1,2";
			};
			name = Debug;
		};
		C1AB70092AD3FAF600266AC3 /* Release */ = {
			isa = XCBuildConfiguration;
			buildSettings = {
				ASSETCATALOG_COMPILER_APPICON_NAME = AppIcon;
				ASSETCATALOG_COMPILER_GLOBAL_ACCENT_COLOR_NAME = AccentColor;
				CODE_SIGN_STYLE = Automatic;
				CURRENT_PROJECT_VERSION = 1;
				DEVELOPMENT_ASSET_PATHS = "\"iTour/Preview Content\"";
				DEVELOPMENT_TEAM = M6RSUA6A9T;
				ENABLE_PREVIEWS = YES;
				GENERATE_INFOPLIST_FILE = YES;
				INFOPLIST_KEY_UIApplicationSceneManifest_Generation = YES;
				INFOPLIST_KEY_UIApplicationSupportsIndirectInputEvents = YES;
				INFOPLIST_KEY_UILaunchScreen_Generation = YES;
				INFOPLIST_KEY_UISupportedInterfaceOrientations_iPad = "UIInterfaceOrientationPortrait UIInterfaceOrientationPortraitUpsideDown UIInterfaceOrientationLandscapeLeft UIInterfaceOrientationLandscapeRight";
				INFOPLIST_KEY_UISupportedInterfaceOrientations_iPhone = "UIInterfaceOrientationPortrait UIInterfaceOrientationLandscapeLeft UIInterfaceOrientationLandscapeRight";
				LD_RUNPATH_SEARCH_PATHS = (
					"$(inherited)",
					"@executable_path/Frameworks",
				);
				MARKETING_VERSION = 1.0;
				PRODUCT_BUNDLE_IDENTIFIER = me.gurbanova.julia.iTour;
				PRODUCT_NAME = "$(TARGET_NAME)";
				SWIFT_EMIT_LOC_STRINGS = YES;
				SWIFT_VERSION = 5.0;
				TARGETED_DEVICE_FAMILY = "1,2";
			};
			name = Release;
		};
/* End XCBuildConfiguration section */

/* Begin XCConfigurationList section */
		C1AB6FF42AD3FAF500266AC3 /* Build configuration list for PBXProject "iTour" */ = {
			isa = XCConfigurationList;
			buildConfigurations = (
				C1AB70052AD3FAF600266AC3 /* Debug */,
				C1AB70062AD3FAF600266AC3 /* Release */,
			);
			defaultConfigurationIsVisible = 0;
			defaultConfigurationName = Release;
		};
		C1AB70072AD3FAF600266AC3 /* Build configuration list for PBXNativeTarget "iTour" */ = {
			isa = XCConfigurationList;
			buildConfigurations = (
				C1AB70082AD3FAF600266AC3 /* Debug */,
				C1AB70092AD3FAF600266AC3 /* Release */,
			);
			defaultConfigurationIsVisible = 0;
			defaultConfigurationName = Release;
		};
/* End XCConfigurationList section */
	};
	rootObject = C1AB6FF12AD3FAF500266AC3 /* Project object */;
}
